
Microsoft Visual Studio Solution File, Format Version 12.00
# Visual Studio Version 16
VisualStudioVersion = 16.0.30711.63
MinimumVisualStudioVersion = 10.0.40219.1
Project("{FAE04EC0-301F-11D3-BF4B-00C04F79EFBC}") = "AzureTestApp", "AzureTestApp\AzureTestApp.csproj", "{5935EACD-0F11-4A83-9B36-8FFD4453D103}"
EndProject
Global
	GlobalSection(SolutionConfigurationPlatforms) = preSolution
		Debug|Any CPU = Debug|Any CPU
		Release|Any CPU = Release|Any CPU
	EndGlobalSection
	GlobalSection(ProjectConfigurationPlatforms) = postSolution
		{5935EACD-0F11-4A83-9B36-8FFD4453D103}.Debug|Any CPU.ActiveCfg = Debug|Any CPU
		{5935EACD-0F11-4A83-9B36-8FFD4453D103}.Debug|Any CPU.Build.0 = Debug|Any CPU
		{5935EACD-0F11-4A83-9B36-8FFD4453D103}.Release|Any CPU.ActiveCfg = Release|Any CPU
		{5935EACD-0F11-4A83-9B36-8FFD4453D103}.Release|Any CPU.Build.0 = Release|Any CPU
	EndGlobalSection
	GlobalSection(SolutionProperties) = preSolution
		HideSolutionNode = FALSE
	EndGlobalSection
	GlobalSection(ExtensibilityGlobals) = postSolution
		SolutionGuid = {DD89A46D-C9F9-43FE-811E-C9983E6C4EBB}
	EndGlobalSection
EndGlobal
